
Microsoft Visual Studio Solution File, Format Version 12.00
# Visual Studio Version 17
VisualStudioVersion = 17.11.35208.52
MinimumVisualStudioVersion = 10.0.40219.1
Project("{FAE04EC0-301F-11D3-BF4B-00C04F79EFBC}") = "Успадкування (основи)", "Успадкування (основи).csproj", "{65705A0D-5A89-4CCC-B1CC-D6DB1A930908}"
EndProject
Global
	GlobalSection(SolutionConfigurationPlatforms) = preSolution
		Debug|Any CPU = Debug|Any CPU
		Release|Any CPU = Release|Any CPU
	EndGlobalSection
	GlobalSection(ProjectConfigurationPlatforms) = postSolution
		{65705A0D-5A89-4CCC-B1CC-D6DB1A930908}.Debug|Any CPU.ActiveCfg = Debug|Any CPU
		{65705A0D-5A89-4CCC-B1CC-D6DB1A930908}.Debug|Any CPU.Build.0 = Debug|Any CPU
		{65705A0D-5A89-4CCC-B1CC-D6DB1A930908}.Release|Any CPU.ActiveCfg = Release|Any CPU
		{65705A0D-5A89-4CCC-B1CC-D6DB1A930908}.Release|Any CPU.Build.0 = Release|Any CPU
	EndGlobalSection
	GlobalSection(SolutionProperties) = preSolution
		HideSolutionNode = FALSE
	EndGlobalSection
	GlobalSection(ExtensibilityGlobals) = postSolution
		SolutionGuid = {8C09D63E-2115-4A06-8E8E-CCB8D36AC84E}
	EndGlobalSection
EndGlobal
